// !$*UTF8*$!
{
	archiveVersion = 1;
	classes = {
	};
	objectVersion = 46;
	objects = {

/* Begin PBXBuildFile section */
		802655891E50C315007E7347 /* httpserver.c in Sources */ = {isa = PBXBuildFile; fileRef = 802655881E50C315007E7347 /* httpserver.c */; };
/* End PBXBuildFile section */

/* Begin PBXCopyFilesBuildPhase section */
		8026557C1E50C26B007E7347 /* CopyFiles */ = {
			isa = PBXCopyFilesBuildPhase;
			buildActionMask = 2147483647;
			dstPath = /usr/share/man/man1/;
			dstSubfolderSpec = 0;
			files = (
			);
			runOnlyForDeploymentPostprocessing = 1;
		};
/* End PBXCopyFilesBuildPhase section */

/* Begin PBXFileReference section */
		62D0732E1E511AF500F25CD3 /* course_evals.txt */ = {isa = PBXFileReference; fileEncoding = 4; lastKnownFileType = text; path = course_evals.txt; sourceTree = "<group>"; };
		8026557E1E50C26B007E7347 /* cit595project1 */ = {isa = PBXFileReference; explicitFileType = "compiled.mach-o.executable"; includeInIndex = 0; path = cit595project1; sourceTree = BUILT_PRODUCTS_DIR; };
		802655881E50C315007E7347 /* httpserver.c */ = {isa = PBXFileReference; fileEncoding = 4; lastKnownFileType = sourcecode.c.c; path = httpserver.c; sourceTree = "<group>"; };
		8026558A1E50C3BD007E7347 /* linkedlist.h */ = {isa = PBXFileReference; lastKnownFileType = sourcecode.c.h; path = linkedlist.h; sourceTree = "<group>"; };
		8096E37D1E5BE23E007AF810 /* functions.h */ = {isa = PBXFileReference; lastKnownFileType = sourcecode.c.h; path = functions.h; sourceTree = "<group>"; };
		80FD89451E5F7FC7006E038F /* arraylist.h */ = {isa = PBXFileReference; lastKnownFileType = sourcecode.c.h; path = arraylist.h; sourceTree = "<group>"; };
/* End PBXFileReference section */

/* Begin PBXFrameworksBuildPhase section */
		8026557B1E50C26B007E7347 /* Frameworks */ = {
			isa = PBXFrameworksBuildPhase;
			buildActionMask = 2147483647;
			files = (
			);
			runOnlyForDeploymentPostprocessing = 0;
		};
/* End PBXFrameworksBuildPhase section */

/* Begin PBXGroup section */
		802655751E50C26B007E7347 = {
			isa = PBXGroup;
			children = (
				802655801E50C26B007E7347 /* cit595project1 */,
				8026557F1E50C26B007E7347 /* Products */,
			);
			sourceTree = "<group>";
		};
		8026557F1E50C26B007E7347 /* Products */ = {
			isa = PBXGroup;
			children = (
				8026557E1E50C26B007E7347 /* cit595project1 */,
			);
			name = Products;
			sourceTree = "<group>";
		};
		802655801E50C26B007E7347 /* cit595project1 */ = {
			isa = PBXGroup;
			children = (
				802655881E50C315007E7347 /* httpserver.c */,
				8026558A1E50C3BD007E7347 /* linkedlist.h */,
				62D0732E1E511AF500F25CD3 /* course_evals.txt */,
				8096E37D1E5BE23E007AF810 /* functions.h */,
				80FD89451E5F7FC7006E038F /* arraylist.h */,
			);
			path = cit595project1;
			sourceTree = "<group>";
		};
/* End PBXGroup section */

/* Begin PBXNativeTarget section */
		8026557D1E50C26B007E7347 /* cit595project1 */ = {
			isa = PBXNativeTarget;
			buildConfigurationList = 802655851E50C26B007E7347 /* Build configuration list for PBXNativeTarget "cit595project1" */;
			buildPhases = (
				8026557A1E50C26B007E7347 /* Sources */,
				8026557B1E50C26B007E7347 /* Frameworks */,
				8026557C1E50C26B007E7347 /* CopyFiles */,
			);
			buildRules = (
			);
			dependencies = (
			);
			name = cit595project1;
			productName = cit595project1;
			productReference = 8026557E1E50C26B007E7347 /* cit595project1 */;
			productType = "com.apple.product-type.tool";
		};
/* End PBXNativeTarget section */

/* Begin PBXProject section */
		802655761E50C26B007E7347 /* Project object */ = {
			isa = PBXProject;
			attributes = {
				LastUpgradeCheck = 0820;
				ORGANIZATIONNAME = "Chuyang Deng";
				TargetAttributes = {
					8026557D1E50C26B007E7347 = {
						CreatedOnToolsVersion = 8.2.1;
						ProvisioningStyle = Automatic;
					};
				};
			};
			buildConfigurationList = 802655791E50C26B007E7347 /* Build configuration list for PBXProject "cit595project1" */;
			compatibilityVersion = "Xcode 3.2";
			developmentRegion = English;
			hasScannedForEncodings = 0;
			knownRegions = (
				en,
			);
			mainGroup = 802655751E50C26B007E7347;
			productRefGroup = 8026557F1E50C26B007E7347 /* Products */;
			projectDirPath = "";
			projectRoot = "";
			targets = (
				8026557D1E50C26B007E7347 /* cit595project1 */,
			);
		};
/* End PBXProject section */

/* Begin PBXSourcesBuildPhase section */
		8026557A1E50C26B007E7347 /* Sources */ = {
			isa = PBXSourcesBuildPhase;
			buildActionMask = 2147483647;
			files = (
				802655891E50C315007E7347 /* httpserver.c in Sources */,
			);
			runOnlyForDeploymentPostprocessing = 0;
		};
/* End PBXSourcesBuildPhase section */

/* Begin XCBuildConfiguration section */
		802655831E50C26B007E7347 /* Debug */ = {
			isa = XCBuildConfiguration;
			buildSettings = {
				ALWAYS_SEARCH_USER_PATHS = NO;
				CLANG_ANALYZER_NONNULL = YES;
				CLANG_CXX_LANGUAGE_STANDARD = "gnu++0x";
				CLANG_CXX_LIBRARY = "libc++";
				CLANG_ENABLE_MODULES = YES;
				CLANG_ENABLE_OBJC_ARC = YES;
				CLANG_WARN_BOOL_CONVERSION = YES;
				CLANG_WARN_CONSTANT_CONVERSION = YES;
				CLANG_WARN_DIRECT_OBJC_ISA_USAGE = YES_ERROR;
				CLANG_WARN_DOCUMENTATION_COMMENTS = YES;
				CLANG_WARN_EMPTY_BODY = YES;
				CLANG_WARN_ENUM_CONVERSION = YES;
				CLANG_WARN_INFINITE_RECURSION = YES;
				CLANG_WARN_INT_CONVERSION = YES;
				CLANG_WARN_OBJC_ROOT_CLASS = YES_ERROR;
				CLANG_WARN_SUSPICIOUS_MOVE = YES;
				CLANG_WARN_UNREACHABLE_CODE = YES;
				CLANG_WARN__DUPLICATE_METHOD_MATCH = YES;
				CODE_SIGN_IDENTITY = "-";
				COPY_PHASE_STRIP = NO;
				DEBUG_INFORMATION_FORMAT = dwarf;
				ENABLE_STRICT_OBJC_MSGSEND = YES;
				ENABLE_TESTABILITY = YES;
				GCC_C_LANGUAGE_STANDARD = gnu99;
				GCC_DYNAMIC_NO_PIC = NO;
				GCC_NO_COMMON_BLOCKS = YES;
				GCC_OPTIMIZATION_LEVEL = 0;
				GCC_PREPROCESSOR_DEFINITIONS = (
					"DEBUG=1",
					"$(inherited)",
				);
				GCC_WARN_64_TO_32_BIT_CONVERSION = YES;
				GCC_WARN_ABOUT_RETURN_TYPE = YES_ERROR;
				GCC_WARN_UNDECLARED_SELECTOR = YES;
				GCC_WARN_UNINITIALIZED_AUTOS = YES_AGGRESSIVE;
				GCC_WARN_UNUSED_FUNCTION = YES;
				GCC_WARN_UNUSED_VARIABLE = YES;
				MACOSX_DEPLOYMENT_TARGET = 10.11;
				MTL_ENABLE_DEBUG_INFO = YES;
				ONLY_ACTIVE_ARCH = YES;
				SDKROOT = macosx;
			};
			name = Debug;
		};
		802655841E50C26B007E7347 /* Release */ = {
			isa = XCBuildConfiguration;
			buildSettings = {
				ALWAYS_SEARCH_USER_PATHS = NO;
				CLANG_ANALYZER_NONNULL = YES;
				CLANG_CXX_LANGUAGE_STANDARD = "gnu++0x";
				CLANG_CXX_LIBRARY = "libc++";
				CLANG_ENABLE_MODULES = YES;
				CLANG_ENABLE_OBJC_ARC = YES;
				CLANG_WARN_BOOL_CONVERSION = YES;
				CLANG_WARN_CONSTANT_CONVERSION = YES;
				CLANG_WARN_DIRECT_OBJC_ISA_USAGE = YES_ERROR;
				CLANG_WARN_DOCUMENTATION_COMMENTS = YES;
				CLANG_WARN_EMPTY_BODY = YES;
				CLANG_WARN_ENUM_CONVERSION = YES;
				CLANG_WARN_INFINITE_RECURSION = YES;
				CLANG_WARN_INT_CONVERSION = YES;
				CLANG_WARN_OBJC_ROOT_CLASS = YES_ERROR;
				CLANG_WARN_SUSPICIOUS_MOVE = YES;
				CLANG_WARN_UNREACHABLE_CODE = YES;
				CLANG_WARN__DUPLICATE_METHOD_MATCH = YES;
				CODE_SIGN_IDENTITY = "-";
				COPY_PHASE_STRIP = NO;
				DEBUG_INFORMATION_FORMAT = "dwarf-with-dsym";
				ENABLE_NS_ASSERTIONS = NO;
				ENABLE_STRICT_OBJC_MSGSEND = YES;
				GCC_C_LANGUAGE_STANDARD = gnu99;
				GCC_NO_COMMON_BLOCKS = YES;
				GCC_WARN_64_TO_32_BIT_CONVERSION = YES;
				GCC_WARN_ABOUT_RETURN_TYPE = YES_ERROR;
				GCC_WARN_UNDECLARED_SELECTOR = YES;
				GCC_WARN_UNINITIALIZED_AUTOS = YES_AGGRESSIVE;
				GCC_WARN_UNUSED_FUNCTION = YES;
				GCC_WARN_UNUSED_VARIABLE = YES;
				MACOSX_DEPLOYMENT_TARGET = 10.11;
				MTL_ENABLE_DEBUG_INFO = NO;
				SDKROOT = macosx;
			};
			name = Release;
		};
		802655861E50C26B007E7347 /* Debug */ = {
			isa = XCBuildConfiguration;
			buildSettings = {
				PRODUCT_NAME = "$(TARGET_NAME)";
			};
			name = Debug;
		};
		802655871E50C26B007E7347 /* Release */ = {
			isa = XCBuildConfiguration;
			buildSettings = {
				PRODUCT_NAME = "$(TARGET_NAME)";
			};
			name = Release;
		};
/* End XCBuildConfiguration section */

/* Begin XCConfigurationList section */
		802655791E50C26B007E7347 /* Build configuration list for PBXProject "cit595project1" */ = {
			isa = XCConfigurationList;
			buildConfigurations = (
				802655831E50C26B007E7347 /* Debug */,
				802655841E50C26B007E7347 /* Release */,
			);
			defaultConfigurationIsVisible = 0;
			defaultConfigurationName = Release;
		};
		802655851E50C26B007E7347 /* Build configuration list for PBXNativeTarget "cit595project1" */ = {
			isa = XCConfigurationList;
			buildConfigurations = (
				802655861E50C26B007E7347 /* Debug */,
				802655871E50C26B007E7347 /* Release */,
			);
			defaultConfigurationIsVisible = 0;
			defaultConfigurationName = Release;
		};
/* End XCConfigurationList section */
	};
	rootObject = 802655761E50C26B007E7347 /* Project object */;
}
